// !$*UTF8*$!
{
	archiveVersion = 1;
	classes = {
	};
	objectVersion = 50;
	objects = {

/* Begin PBXBuildFile section */
		1507400521EFC9B1005A2885 /* AppDelegate.swift in Sources */ = {isa = PBXBuildFile; fileRef = 1507400421EFC9B1005A2885 /* AppDelegate.swift */; };
		1507400721EFC9B1005A2885 /* ViewController.swift in Sources */ = {isa = PBXBuildFile; fileRef = 1507400621EFC9B1005A2885 /* ViewController.swift */; };
		1507400A21EFC9B1005A2885 /* Main.storyboard in Resources */ = {isa = PBXBuildFile; fileRef = 1507400821EFC9B1005A2885 /* Main.storyboard */; };
		1507400C21EFC9BF005A2885 /* Assets.xcassets in Resources */ = {isa = PBXBuildFile; fileRef = 1507400B21EFC9BF005A2885 /* Assets.xcassets */; };
		1507400F21EFC9BF005A2885 /* LaunchScreen.storyboard in Resources */ = {isa = PBXBuildFile; fileRef = 1507400D21EFC9BF005A2885 /* LaunchScreen.storyboard */; };
		1507401A21EFC9C0005A2885 /* Vocal_AssistantTests.swift in Sources */ = {isa = PBXBuildFile; fileRef = 1507401921EFC9C0005A2885 /* Vocal_AssistantTests.swift */; };
		1507402521EFC9C0005A2885 /* Vocal_AssistantUITests.swift in Sources */ = {isa = PBXBuildFile; fileRef = 1507402421EFC9C0005A2885 /* Vocal_AssistantUITests.swift */; };
		15568CD421F33FA200A78FC0 /* test.m4a in Resources */ = {isa = PBXBuildFile; fileRef = 15568CD321F33FA200A78FC0 /* test.m4a */; };
		15E3F70721F9242D00B3A0AF /* TrainInfoModel.swift in Sources */ = {isa = PBXBuildFile; fileRef = 15E3F70621F9242D00B3A0AF /* TrainInfoModel.swift */; };
/* End PBXBuildFile section */

/* Begin PBXContainerItemProxy section */
		1507401621EFC9C0005A2885 /* PBXContainerItemProxy */ = {
			isa = PBXContainerItemProxy;
			containerPortal = 15073FF921EFC9B1005A2885 /* Project object */;
			proxyType = 1;
			remoteGlobalIDString = 1507400021EFC9B1005A2885;
			remoteInfo = "Vocal Assistant";
		};
		1507402121EFC9C0005A2885 /* PBXContainerItemProxy */ = {
			isa = PBXContainerItemProxy;
			containerPortal = 15073FF921EFC9B1005A2885 /* Project object */;
			proxyType = 1;
			remoteGlobalIDString = 1507400021EFC9B1005A2885;
			remoteInfo = "Vocal Assistant";
		};
/* End PBXContainerItemProxy section */

/* Begin PBXFileReference section */
		1507400121EFC9B1005A2885 /* Vocal Assistant.app */ = {isa = PBXFileReference; explicitFileType = wrapper.application; includeInIndex = 0; path = "Vocal Assistant.app"; sourceTree = BUILT_PRODUCTS_DIR; };
		1507400421EFC9B1005A2885 /* AppDelegate.swift */ = {isa = PBXFileReference; lastKnownFileType = sourcecode.swift; path = AppDelegate.swift; sourceTree = "<group>"; };
		1507400621EFC9B1005A2885 /* ViewController.swift */ = {isa = PBXFileReference; lastKnownFileType = sourcecode.swift; path = ViewController.swift; sourceTree = "<group>"; };
		1507400921EFC9B1005A2885 /* Base */ = {isa = PBXFileReference; lastKnownFileType = file.storyboard; name = Base; path = Base.lproj/Main.storyboard; sourceTree = "<group>"; };
		1507400B21EFC9BF005A2885 /* Assets.xcassets */ = {isa = PBXFileReference; lastKnownFileType = folder.assetcatalog; path = Assets.xcassets; sourceTree = "<group>"; };
		1507400E21EFC9BF005A2885 /* Base */ = {isa = PBXFileReference; lastKnownFileType = file.storyboard; name = Base; path = Base.lproj/LaunchScreen.storyboard; sourceTree = "<group>"; };
		1507401021EFC9BF005A2885 /* Info.plist */ = {isa = PBXFileReference; lastKnownFileType = text.plist.xml; path = Info.plist; sourceTree = "<group>"; };
		1507401521EFC9C0005A2885 /* Vocal AssistantTests.xctest */ = {isa = PBXFileReference; explicitFileType = wrapper.cfbundle; includeInIndex = 0; path = "Vocal AssistantTests.xctest"; sourceTree = BUILT_PRODUCTS_DIR; };
		1507401921EFC9C0005A2885 /* Vocal_AssistantTests.swift */ = {isa = PBXFileReference; lastKnownFileType = sourcecode.swift; path = Vocal_AssistantTests.swift; sourceTree = "<group>"; };
		1507401B21EFC9C0005A2885 /* Info.plist */ = {isa = PBXFileReference; lastKnownFileType = text.plist.xml; path = Info.plist; sourceTree = "<group>"; };
		1507402021EFC9C0005A2885 /* Vocal AssistantUITests.xctest */ = {isa = PBXFileReference; explicitFileType = wrapper.cfbundle; includeInIndex = 0; path = "Vocal AssistantUITests.xctest"; sourceTree = BUILT_PRODUCTS_DIR; };
		1507402421EFC9C0005A2885 /* Vocal_AssistantUITests.swift */ = {isa = PBXFileReference; lastKnownFileType = sourcecode.swift; path = Vocal_AssistantUITests.swift; sourceTree = "<group>"; };
		1507402621EFC9C0005A2885 /* Info.plist */ = {isa = PBXFileReference; lastKnownFileType = text.plist.xml; path = Info.plist; sourceTree = "<group>"; };
		15568CD321F33FA200A78FC0 /* test.m4a */ = {isa = PBXFileReference; lastKnownFileType = file; path = test.m4a; sourceTree = "<group>"; };
		15E3F70621F9242D00B3A0AF /* TrainInfoModel.swift */ = {isa = PBXFileReference; lastKnownFileType = sourcecode.swift; path = TrainInfoModel.swift; sourceTree = "<group>"; };
/* End PBXFileReference section */

/* Begin PBXFrameworksBuildPhase section */
		15073FFE21EFC9B1005A2885 /* Frameworks */ = {
			isa = PBXFrameworksBuildPhase;
			buildActionMask = 2147483647;
			files = (
			);
			runOnlyForDeploymentPostprocessing = 0;
		};
		1507401221EFC9C0005A2885 /* Frameworks */ = {
			isa = PBXFrameworksBuildPhase;
			buildActionMask = 2147483647;
			files = (
			);
			runOnlyForDeploymentPostprocessing = 0;
		};
		1507401D21EFC9C0005A2885 /* Frameworks */ = {
			isa = PBXFrameworksBuildPhase;
			buildActionMask = 2147483647;
			files = (
			);
			runOnlyForDeploymentPostprocessing = 0;
		};
/* End PBXFrameworksBuildPhase section */

/* Begin PBXGroup section */
		15073FF821EFC9B1005A2885 = {
			isa = PBXGroup;
			children = (
				1507400321EFC9B1005A2885 /* Vocal Assistant */,
				1507401821EFC9C0005A2885 /* Vocal AssistantTests */,
				1507402321EFC9C0005A2885 /* Vocal AssistantUITests */,
				1507400221EFC9B1005A2885 /* Products */,
			);
			sourceTree = "<group>";
		};
		1507400221EFC9B1005A2885 /* Products */ = {
			isa = PBXGroup;
			children = (
				1507400121EFC9B1005A2885 /* Vocal Assistant.app */,
				1507401521EFC9C0005A2885 /* Vocal AssistantTests.xctest */,
				1507402021EFC9C0005A2885 /* Vocal AssistantUITests.xctest */,
			);
			name = Products;
			sourceTree = "<group>";
		};
		1507400321EFC9B1005A2885 /* Vocal Assistant */ = {
			isa = PBXGroup;
			children = (
				15568CD221F33F7300A78FC0 /* Resources */,
				1507400421EFC9B1005A2885 /* AppDelegate.swift */,
				1507400621EFC9B1005A2885 /* ViewController.swift */,
				1507400821EFC9B1005A2885 /* Main.storyboard */,
				1507400B21EFC9BF005A2885 /* Assets.xcassets */,
				1507400D21EFC9BF005A2885 /* LaunchScreen.storyboard */,
				1507401021EFC9BF005A2885 /* Info.plist */,
				15E3F70621F9242D00B3A0AF /* TrainInfoModel.swift */,
			);
			path = "Vocal Assistant";
			sourceTree = "<group>";
		};
		1507401821EFC9C0005A2885 /* Vocal AssistantTests */ = {
			isa = PBXGroup;
			children = (
				1507401921EFC9C0005A2885 /* Vocal_AssistantTests.swift */,
				1507401B21EFC9C0005A2885 /* Info.plist */,
			);
			path = "Vocal AssistantTests";
			sourceTree = "<group>";
		};
		1507402321EFC9C0005A2885 /* Vocal AssistantUITests */ = {
			isa = PBXGroup;
			children = (
				1507402421EFC9C0005A2885 /* Vocal_AssistantUITests.swift */,
				1507402621EFC9C0005A2885 /* Info.plist */,
			);
			path = "Vocal AssistantUITests";
			sourceTree = "<group>";
		};
		15568CD221F33F7300A78FC0 /* Resources */ = {
			isa = PBXGroup;
			children = (
				15568CD321F33FA200A78FC0 /* test.m4a */,
			);
			name = Resources;
			path = "New Group";
			sourceTree = "<group>";
		};
/* End PBXGroup section */

/* Begin PBXNativeTarget section */
		1507400021EFC9B1005A2885 /* Vocal Assistant */ = {
			isa = PBXNativeTarget;
			buildConfigurationList = 1507402921EFC9C0005A2885 /* Build configuration list for PBXNativeTarget "Vocal Assistant" */;
			buildPhases = (
				15073FFD21EFC9B1005A2885 /* Sources */,
				15073FFE21EFC9B1005A2885 /* Frameworks */,
				15073FFF21EFC9B1005A2885 /* Resources */,
			);
			buildRules = (
			);
			dependencies = (
			);
			name = "Vocal Assistant";
			productName = "Vocal Assistant";
			productReference = 1507400121EFC9B1005A2885 /* Vocal Assistant.app */;
			productType = "com.apple.product-type.application";
		};
		1507401421EFC9C0005A2885 /* Vocal AssistantTests */ = {
			isa = PBXNativeTarget;
			buildConfigurationList = 1507402C21EFC9C0005A2885 /* Build configuration list for PBXNativeTarget "Vocal AssistantTests" */;
			buildPhases = (
				1507401121EFC9C0005A2885 /* Sources */,
				1507401221EFC9C0005A2885 /* Frameworks */,
				1507401321EFC9C0005A2885 /* Resources */,
			);
			buildRules = (
			);
			dependencies = (
				1507401721EFC9C0005A2885 /* PBXTargetDependency */,
			);
			name = "Vocal AssistantTests";
			productName = "Vocal AssistantTests";
			productReference = 1507401521EFC9C0005A2885 /* Vocal AssistantTests.xctest */;
			productType = "com.apple.product-type.bundle.unit-test";
		};
		1507401F21EFC9C0005A2885 /* Vocal AssistantUITests */ = {
			isa = PBXNativeTarget;
			buildConfigurationList = 1507402F21EFC9C0005A2885 /* Build configuration list for PBXNativeTarget "Vocal AssistantUITests" */;
			buildPhases = (
				1507401C21EFC9C0005A2885 /* Sources */,
				1507401D21EFC9C0005A2885 /* Frameworks */,
				1507401E21EFC9C0005A2885 /* Resources */,
			);
			buildRules = (
			);
			dependencies = (
				1507402221EFC9C0005A2885 /* PBXTargetDependency */,
			);
			name = "Vocal AssistantUITests";
			productName = "Vocal AssistantUITests";
			productReference = 1507402021EFC9C0005A2885 /* Vocal AssistantUITests.xctest */;
			productType = "com.apple.product-type.bundle.ui-testing";
		};
/* End PBXNativeTarget section */

/* Begin PBXProject section */
		15073FF921EFC9B1005A2885 /* Project object */ = {
			isa = PBXProject;
			attributes = {
				LastSwiftUpdateCheck = 1010;
				LastUpgradeCheck = 1010;
				ORGANIZATIONNAME = "Andrea Bacigalupo";
				TargetAttributes = {
					1507400021EFC9B1005A2885 = {
						CreatedOnToolsVersion = 10.1;
					};
					1507401421EFC9C0005A2885 = {
						CreatedOnToolsVersion = 10.1;
						TestTargetID = 1507400021EFC9B1005A2885;
					};
					1507401F21EFC9C0005A2885 = {
						CreatedOnToolsVersion = 10.1;
						TestTargetID = 1507400021EFC9B1005A2885;
					};
				};
			};
			buildConfigurationList = 15073FFC21EFC9B1005A2885 /* Build configuration list for PBXProject "Vocal Assistant" */;
			compatibilityVersion = "Xcode 9.3";
			developmentRegion = en;
			hasScannedForEncodings = 0;
			knownRegions = (
				en,
				Base,
			);
			mainGroup = 15073FF821EFC9B1005A2885;
			productRefGroup = 1507400221EFC9B1005A2885 /* Products */;
			projectDirPath = "";
			projectRoot = "";
			targets = (
				1507400021EFC9B1005A2885 /* Vocal Assistant */,
				1507401421EFC9C0005A2885 /* Vocal AssistantTests */,
				1507401F21EFC9C0005A2885 /* Vocal AssistantUITests */,
			);
		};
/* End PBXProject section */

/* Begin PBXResourcesBuildPhase section */
		15073FFF21EFC9B1005A2885 /* Resources */ = {
			isa = PBXResourcesBuildPhase;
			buildActionMask = 2147483647;
			files = (
				15568CD421F33FA200A78FC0 /* test.m4a in Resources */,
				1507400F21EFC9BF005A2885 /* LaunchScreen.storyboard in Resources */,
				1507400C21EFC9BF005A2885 /* Assets.xcassets in Resources */,
				1507400A21EFC9B1005A2885 /* Main.storyboard in Resources */,
			);
			runOnlyForDeploymentPostprocessing = 0;
		};
		1507401321EFC9C0005A2885 /* Resources */ = {
			isa = PBXResourcesBuildPhase;
			buildActionMask = 2147483647;
			files = (
			);
			runOnlyForDeploymentPostprocessing = 0;
		};
		1507401E21EFC9C0005A2885 /* Resources */ = {
			isa = PBXResourcesBuildPhase;
			buildActionMask = 2147483647;
			files = (
			);
			runOnlyForDeploymentPostprocessing = 0;
		};
/* End PBXResourcesBuildPhase section */

/* Begin PBXSourcesBuildPhase section */
		15073FFD21EFC9B1005A2885 /* Sources */ = {
			isa = PBXSourcesBuildPhase;
			buildActionMask = 2147483647;
			files = (
				15E3F70721F9242D00B3A0AF /* TrainInfoModel.swift in Sources */,
				1507400721EFC9B1005A2885 /* ViewController.swift in Sources */,
				1507400521EFC9B1005A2885 /* AppDelegate.swift in Sources */,
			);
			runOnlyForDeploymentPostprocessing = 0;
		};
		1507401121EFC9C0005A2885 /* Sources */ = {
			isa = PBXSourcesBuildPhase;
			buildActionMask = 2147483647;
			files = (
				1507401A21EFC9C0005A2885 /* Vocal_AssistantTests.swift in Sources */,
			);
			runOnlyForDeploymentPostprocessing = 0;
		};
		1507401C21EFC9C0005A2885 /* Sources */ = {
			isa = PBXSourcesBuildPhase;
			buildActionMask = 2147483647;
			files = (
				1507402521EFC9C0005A2885 /* Vocal_AssistantUITests.swift in Sources */,
			);
			runOnlyForDeploymentPostprocessing = 0;
		};
/* End PBXSourcesBuildPhase section */

/* Begin PBXTargetDependency section */
		1507401721EFC9C0005A2885 /* PBXTargetDependency */ = {
			isa = PBXTargetDependency;
			target = 1507400021EFC9B1005A2885 /* Vocal Assistant */;
			targetProxy = 1507401621EFC9C0005A2885 /* PBXContainerItemProxy */;
		};
		1507402221EFC9C0005A2885 /* PBXTargetDependency */ = {
			isa = PBXTargetDependency;
			target = 1507400021EFC9B1005A2885 /* Vocal Assistant */;
			targetProxy = 1507402121EFC9C0005A2885 /* PBXContainerItemProxy */;
		};
/* End PBXTargetDependency section */

/* Begin PBXVariantGroup section */
		1507400821EFC9B1005A2885 /* Main.storyboard */ = {
			isa = PBXVariantGroup;
			children = (
				1507400921EFC9B1005A2885 /* Base */,
			);
			name = Main.storyboard;
			sourceTree = "<group>";
		};
		1507400D21EFC9BF005A2885 /* LaunchScreen.storyboard */ = {
			isa = PBXVariantGroup;
			children = (
				1507400E21EFC9BF005A2885 /* Base */,
			);
			name = LaunchScreen.storyboard;
			sourceTree = "<group>";
		};
/* End PBXVariantGroup section */

/* Begin XCBuildConfiguration section */
		1507402721EFC9C0005A2885 /* Debug */ = {
			isa = XCBuildConfiguration;
			buildSettings = {
				ALWAYS_SEARCH_USER_PATHS = NO;
				CLANG_ANALYZER_NONNULL = YES;
				CLANG_ANALYZER_NUMBER_OBJECT_CONVERSION = YES_AGGRESSIVE;
				CLANG_CXX_LANGUAGE_STANDARD = "gnu++14";
				CLANG_CXX_LIBRARY = "libc++";
				CLANG_ENABLE_MODULES = YES;
				CLANG_ENABLE_OBJC_ARC = YES;
				CLANG_ENABLE_OBJC_WEAK = YES;
				CLANG_WARN_BLOCK_CAPTURE_AUTORELEASING = YES;
				CLANG_WARN_BOOL_CONVERSION = YES;
				CLANG_WARN_COMMA = YES;
				CLANG_WARN_CONSTANT_CONVERSION = YES;
				CLANG_WARN_DEPRECATED_OBJC_IMPLEMENTATIONS = YES;
				CLANG_WARN_DIRECT_OBJC_ISA_USAGE = YES_ERROR;
				CLANG_WARN_DOCUMENTATION_COMMENTS = YES;
				CLANG_WARN_EMPTY_BODY = YES;
				CLANG_WARN_ENUM_CONVERSION = YES;
				CLANG_WARN_INFINITE_RECURSION = YES;
				CLANG_WARN_INT_CONVERSION = YES;
				CLANG_WARN_NON_LITERAL_NULL_CONVERSION = YES;
				CLANG_WARN_OBJC_IMPLICIT_RETAIN_SELF = YES;
				CLANG_WARN_OBJC_LITERAL_CONVERSION = YES;
				CLANG_WARN_OBJC_ROOT_CLASS = YES_ERROR;
				CLANG_WARN_RANGE_LOOP_ANALYSIS = YES;
				CLANG_WARN_STRICT_PROTOTYPES = YES;
				CLANG_WARN_SUSPICIOUS_MOVE = YES;
				CLANG_WARN_UNGUARDED_AVAILABILITY = YES_AGGRESSIVE;
				CLANG_WARN_UNREACHABLE_CODE = YES;
				CLANG_WARN__DUPLICATE_METHOD_MATCH = YES;
				CODE_SIGN_IDENTITY = "iPhone Developer";
				COPY_PHASE_STRIP = NO;
				DEBUG_INFORMATION_FORMAT = dwarf;
				ENABLE_STRICT_OBJC_MSGSEND = YES;
				ENABLE_TESTABILITY = YES;
				GCC_C_LANGUAGE_STANDARD = gnu11;
				GCC_DYNAMIC_NO_PIC = NO;
				GCC_NO_COMMON_BLOCKS = YES;
				GCC_OPTIMIZATION_LEVEL = 0;
				GCC_PREPROCESSOR_DEFINITIONS = (
					"DEBUG=1",
					"$(inherited)",
				);
				GCC_WARN_64_TO_32_BIT_CONVERSION = YES;
				GCC_WARN_ABOUT_RETURN_TYPE = YES_ERROR;
				GCC_WARN_UNDECLARED_SELECTOR = YES;
				GCC_WARN_UNINITIALIZED_AUTOS = YES_AGGRESSIVE;
				GCC_WARN_UNUSED_FUNCTION = YES;
				GCC_WARN_UNUSED_VARIABLE = YES;
				IPHONEOS_DEPLOYMENT_TARGET = 12.1;
				MTL_ENABLE_DEBUG_INFO = INCLUDE_SOURCE;
				MTL_FAST_MATH = YES;
				ONLY_ACTIVE_ARCH = YES;
				SDKROOT = iphoneos;
				SWIFT_ACTIVE_COMPILATION_CONDITIONS = DEBUG;
				SWIFT_OPTIMIZATION_LEVEL = "-Onone";
			};
			name = Debug;
		};
		1507402821EFC9C0005A2885 /* Release */ = {
			isa = XCBuildConfiguration;
			buildSettings = {
				ALWAYS_SEARCH_USER_PATHS = NO;
				CLANG_ANALYZER_NONNULL = YES;
				CLANG_ANALYZER_NUMBER_OBJECT_CONVERSION = YES_AGGRESSIVE;
				CLANG_CXX_LANGUAGE_STANDARD = "gnu++14";
				CLANG_CXX_LIBRARY = "libc++";
				CLANG_ENABLE_MODULES = YES;
				CLANG_ENABLE_OBJC_ARC = YES;
				CLANG_ENABLE_OBJC_WEAK = YES;
				CLANG_WARN_BLOCK_CAPTURE_AUTORELEASING = YES;
				CLANG_WARN_BOOL_CONVERSION = YES;
				CLANG_WARN_COMMA = YES;
				CLANG_WARN_CONSTANT_CONVERSION = YES;
				CLANG_WARN_DEPRECATED_OBJC_IMPLEMENTATIONS = YES;
				CLANG_WARN_DIRECT_OBJC_ISA_USAGE = YES_ERROR;
				CLANG_WARN_DOCUMENTATION_COMMENTS = YES;
				CLANG_WARN_EMPTY_BODY = YES;
				CLANG_WARN_ENUM_CONVERSION = YES;
				CLANG_WARN_INFINITE_RECURSION = YES;
				CLANG_WARN_INT_CONVERSION = YES;
				CLANG_WARN_NON_LITERAL_NULL_CONVERSION = YES;
				CLANG_WARN_OBJC_IMPLICIT_RETAIN_SELF = YES;
				CLANG_WARN_OBJC_LITERAL_CONVERSION = YES;
				CLANG_WARN_OBJC_ROOT_CLASS = YES_ERROR;
				CLANG_WARN_RANGE_LOOP_ANALYSIS = YES;
				CLANG_WARN_STRICT_PROTOTYPES = YES;
				CLANG_WARN_SUSPICIOUS_MOVE = YES;
				CLANG_WARN_UNGUARDED_AVAILABILITY = YES_AGGRESSIVE;
				CLANG_WARN_UNREACHABLE_CODE = YES;
				CLANG_WARN__DUPLICATE_METHOD_MATCH = YES;
				CODE_SIGN_IDENTITY = "iPhone Developer";
				COPY_PHASE_STRIP = NO;
				DEBUG_INFORMATION_FORMAT = "dwarf-with-dsym";
				ENABLE_NS_ASSERTIONS = NO;
				ENABLE_STRICT_OBJC_MSGSEND = YES;
				GCC_C_LANGUAGE_STANDARD = gnu11;
				GCC_NO_COMMON_BLOCKS = YES;
				GCC_WARN_64_TO_32_BIT_CONVERSION = YES;
				GCC_WARN_ABOUT_RETURN_TYPE = YES_ERROR;
				GCC_WARN_UNDECLARED_SELECTOR = YES;
				GCC_WARN_UNINITIALIZED_AUTOS = YES_AGGRESSIVE;
				GCC_WARN_UNUSED_FUNCTION = YES;
				GCC_WARN_UNUSED_VARIABLE = YES;
				IPHONEOS_DEPLOYMENT_TARGET = 12.1;
				MTL_ENABLE_DEBUG_INFO = NO;
				MTL_FAST_MATH = YES;
				SDKROOT = iphoneos;
				SWIFT_COMPILATION_MODE = wholemodule;
				SWIFT_OPTIMIZATION_LEVEL = "-O";
				VALIDATE_PRODUCT = YES;
			};
			name = Release;
		};
		1507402A21EFC9C0005A2885 /* Debug */ = {
			isa = XCBuildConfiguration;
			buildSettings = {
				ASSETCATALOG_COMPILER_APPICON_NAME = AppIcon;
				CODE_SIGN_STYLE = Automatic;
				DEVELOPMENT_TEAM = LZ2JRG37ZP;
				INFOPLIST_FILE = "Vocal Assistant/Info.plist";
				LD_RUNPATH_SEARCH_PATHS = (
					"$(inherited)",
					"@executable_path/Frameworks",
				);
				PRODUCT_BUNDLE_IDENTIFIER = "AB.Vocal-Assistant";
				PRODUCT_NAME = "$(TARGET_NAME)";
				SWIFT_VERSION = 4.2;
				TARGETED_DEVICE_FAMILY = "1,2";
			};
			name = Debug;
		};
		1507402B21EFC9C0005A2885 /* Release */ = {
			isa = XCBuildConfiguration;
			buildSettings = {
				ASSETCATALOG_COMPILER_APPICON_NAME = AppIcon;
				CODE_SIGN_STYLE = Automatic;
				DEVELOPMENT_TEAM = LZ2JRG37ZP;
				INFOPLIST_FILE = "Vocal Assistant/Info.plist";
				LD_RUNPATH_SEARCH_PATHS = (
					"$(inherited)",
					"@executable_path/Frameworks",
				);
				PRODUCT_BUNDLE_IDENTIFIER = "AB.Vocal-Assistant";
				PRODUCT_NAME = "$(TARGET_NAME)";
				SWIFT_VERSION = 4.2;
				TARGETED_DEVICE_FAMILY = "1,2";
			};
			name = Release;
		};
		1507402D21EFC9C0005A2885 /* Debug */ = {
			isa = XCBuildConfiguration;
			buildSettings = {
				ALWAYS_EMBED_SWIFT_STANDARD_LIBRARIES = YES;
				BUNDLE_LOADER = "$(TEST_HOST)";
				CODE_SIGN_STYLE = Automatic;
				INFOPLIST_FILE = "Vocal AssistantTests/Info.plist";
				LD_RUNPATH_SEARCH_PATHS = (
					"$(inherited)",
					"@executable_path/Frameworks",
					"@loader_path/Frameworks",
				);
				PRODUCT_BUNDLE_IDENTIFIER = "AB.Vocal-AssistantTests";
				PRODUCT_NAME = "$(TARGET_NAME)";
				SWIFT_VERSION = 4.2;
				TARGETED_DEVICE_FAMILY = "1,2";
				TEST_HOST = "$(BUILT_PRODUCTS_DIR)/Vocal Assistant.app/Vocal Assistant";
			};
			name = Debug;
		};
		1507402E21EFC9C0005A2885 /* Release */ = {
			isa = XCBuildConfiguration;
			buildSettings = {
				ALWAYS_EMBED_SWIFT_STANDARD_LIBRARIES = YES;
				BUNDLE_LOADER = "$(TEST_HOST)";
				CODE_SIGN_STYLE = Automatic;
				INFOPLIST_FILE = "Vocal AssistantTests/Info.plist";
				LD_RUNPATH_SEARCH_PATHS = (
					"$(inherited)",
					"@executable_path/Frameworks",
					"@loader_path/Frameworks",
				);
				PRODUCT_BUNDLE_IDENTIFIER = "AB.Vocal-AssistantTests";
				PRODUCT_NAME = "$(TARGET_NAME)";
				SWIFT_VERSION = 4.2;
				TARGETED_DEVICE_FAMILY = "1,2";
				TEST_HOST = "$(BUILT_PRODUCTS_DIR)/Vocal Assistant.app/Vocal Assistant";
			};
			name = Release;
		};
		1507403021EFC9C0005A2885 /* Debug */ = {
			isa = XCBuildConfiguration;
			buildSettings = {
				ALWAYS_EMBED_SWIFT_STANDARD_LIBRARIES = YES;
				CODE_SIGN_STYLE = Automatic;
				INFOPLIST_FILE = "Vocal AssistantUITests/Info.plist";
				LD_RUNPATH_SEARCH_PATHS = (
					"$(inherited)",
					"@executable_path/Frameworks",
					"@loader_path/Frameworks",
				);
				PRODUCT_BUNDLE_IDENTIFIER = "AB.Vocal-AssistantUITests";
				PRODUCT_NAME = "$(TARGET_NAME)";
				SWIFT_VERSION = 4.2;
				TARGETED_DEVICE_FAMILY = "1,2";
				TEST_TARGET_NAME = "Vocal Assistant";
			};
			name = Debug;
		};
		1507403121EFC9C0005A2885 /* Release */ = {
			isa = XCBuildConfiguration;
			buildSettings = {
				ALWAYS_EMBED_SWIFT_STANDARD_LIBRARIES = YES;
				CODE_SIGN_STYLE = Automatic;
				INFOPLIST_FILE = "Vocal AssistantUITests/Info.plist";
				LD_RUNPATH_SEARCH_PATHS = (
					"$(inherited)",
					"@executable_path/Frameworks",
					"@loader_path/Frameworks",
				);
				PRODUCT_BUNDLE_IDENTIFIER = "AB.Vocal-AssistantUITests";
				PRODUCT_NAME = "$(TARGET_NAME)";
				SWIFT_VERSION = 4.2;
				TARGETED_DEVICE_FAMILY = "1,2";
				TEST_TARGET_NAME = "Vocal Assistant";
			};
			name = Release;
		};
/* End XCBuildConfiguration section */

/* Begin XCConfigurationList section */
		15073FFC21EFC9B1005A2885 /* Build configuration list for PBXProject "Vocal Assistant" */ = {
			isa = XCConfigurationList;
			buildConfigurations = (
				1507402721EFC9C0005A2885 /* Debug */,
				1507402821EFC9C0005A2885 /* Release */,
			);
			defaultConfigurationIsVisible = 0;
			defaultConfigurationName = Release;
		};
		1507402921EFC9C0005A2885 /* Build configuration list for PBXNativeTarget "Vocal Assistant" */ = {
			isa = XCConfigurationList;
			buildConfigurations = (
				1507402A21EFC9C0005A2885 /* Debug */,
				1507402B21EFC9C0005A2885 /* Release */,
			);
			defaultConfigurationIsVisible = 0;
			defaultConfigurationName = Release;
		};
		1507402C21EFC9C0005A2885 /* Build configuration list for PBXNativeTarget "Vocal AssistantTests" */ = {
			isa = XCConfigurationList;
			buildConfigurations = (
				1507402D21EFC9C0005A2885 /* Debug */,
				1507402E21EFC9C0005A2885 /* Release */,
			);
			defaultConfigurationIsVisible = 0;
			defaultConfigurationName = Release;
		};
		1507402F21EFC9C0005A2885 /* Build configuration list for PBXNativeTarget "Vocal AssistantUITests" */ = {
			isa = XCConfigurationList;
			buildConfigurations = (
				1507403021EFC9C0005A2885 /* Debug */,
				1507403121EFC9C0005A2885 /* Release */,
			);
			defaultConfigurationIsVisible = 0;
			defaultConfigurationName = Release;
		};
/* End XCConfigurationList section */
	};
	rootObject = 15073FF921EFC9B1005A2885 /* Project object */;
}
